
Microsoft Visual Studio Solution File, Format Version 12.00
# Visual Studio Version 17
VisualStudioVersion = 17.8.34525.116
MinimumVisualStudioVersion = 10.0.40219.1
Project("{9A19103F-16F7-4668-BE54-9A1E7A4F7556}") = "MyFirstConsoleApp", "MyFirstConsoleApp\MyFirstConsoleApp.csproj", "{EC06DE3E-4683-4182-A2BA-D210C50F8FA2}"
EndProject
Project("{9A19103F-16F7-4668-BE54-9A1E7A4F7556}") = "MatchGame", "MatchGame\MatchGame.csproj", "{6D35F052-17FA-4EFC-BA42-5DB7D70F786A}"
EndProject
Project("{FAE04EC0-301F-11D3-BF4B-00C04F79EFBC}") = "ExperimentWithControls", "ExperimentWithControls\ExperimentWithControls.csproj", "{87328675-46B0-4784-9956-6BF76923F56D}"
EndProject
Global
	GlobalSection(SolutionConfigurationPlatforms) = preSolution
		Debug|Any CPU = Debug|Any CPU
		Release|Any CPU = Release|Any CPU
	EndGlobalSection
	GlobalSection(ProjectConfigurationPlatforms) = postSolution
		{EC06DE3E-4683-4182-A2BA-D210C50F8FA2}.Debug|Any CPU.ActiveCfg = Debug|Any CPU
		{EC06DE3E-4683-4182-A2BA-D210C50F8FA2}.Debug|Any CPU.Build.0 = Debug|Any CPU
		{EC06DE3E-4683-4182-A2BA-D210C50F8FA2}.Release|Any CPU.ActiveCfg = Release|Any CPU
		{EC06DE3E-4683-4182-A2BA-D210C50F8FA2}.Release|Any CPU.Build.0 = Release|Any CPU
		{6D35F052-17FA-4EFC-BA42-5DB7D70F786A}.Debug|Any CPU.ActiveCfg = Debug|Any CPU
		{6D35F052-17FA-4EFC-BA42-5DB7D70F786A}.Debug|Any CPU.Build.0 = Debug|Any CPU
		{6D35F052-17FA-4EFC-BA42-5DB7D70F786A}.Release|Any CPU.ActiveCfg = Release|Any CPU
		{6D35F052-17FA-4EFC-BA42-5DB7D70F786A}.Release|Any CPU.Build.0 = Release|Any CPU
		{87328675-46B0-4784-9956-6BF76923F56D}.Debug|Any CPU.ActiveCfg = Debug|Any CPU
		{87328675-46B0-4784-9956-6BF76923F56D}.Debug|Any CPU.Build.0 = Debug|Any CPU
		{87328675-46B0-4784-9956-6BF76923F56D}.Release|Any CPU.ActiveCfg = Release|Any CPU
		{87328675-46B0-4784-9956-6BF76923F56D}.Release|Any CPU.Build.0 = Release|Any CPU
	EndGlobalSection
	GlobalSection(SolutionProperties) = preSolution
		HideSolutionNode = FALSE
	EndGlobalSection
	GlobalSection(ExtensibilityGlobals) = postSolution
		SolutionGuid = {0E4BEEC0-462D-42FC-80D2-335EF1E19FAF}
	EndGlobalSection
EndGlobal
